{
  "name": "tiled-to-godot-export",
  "version": "1.8.0",
  "lockfileVersion": 2,
  "requires": true,
  "packages": {
    "": {
      "name": "tiled-to-godot-export",
      "version": "1.8.0",
      "license": "GPL-2.0-or-later",
      "devDependencies": {
        "@mapeditor/tiled-api": "^1.8.2"
      }
    },
    "node_modules/@mapeditor/tiled-api": {
      "version": "1.8.2",
      "dev": true,
      "funding": [
        {
          "type": "github",
          "url": "https://github.com/sponsors/bjorn"
        },
        {
          "type": "opencollective",
          "url": "https://opencollective.com/tiled"
        },
        {
          "type": "patreon",
          "url": "https://patreon.com/bjorn"
        }
      ],
      "license": "MIT"
    }
  },
  "dependencies": {
    "@mapeditor/tiled-api": {
      "version": "1.8.2",
      "dev": true
    }
  }
}
